
Microsoft Visual Studio Solution File, Format Version 12.00
# Visual Studio Version 16
VisualStudioVersion = 16.0.29613.14
MinimumVisualStudioVersion = 10.0.40219.1
Project("{FAE04EC0-301F-11D3-BF4B-00C04F79EFBC}") = "ia", "ia.csproj", "{91207DDC-3870-4389-ADAF-DC46704DF4F1}"
EndProject
Global
	GlobalSection(SolutionConfigurationPlatforms) = preSolution
		Debug|Any CPU = Debug|Any CPU
		Release|Any CPU = Release|Any CPU
	EndGlobalSection
	GlobalSection(ProjectConfigurationPlatforms) = postSolution
		{91207DDC-3870-4389-ADAF-DC46704DF4F1}.Debug|Any CPU.ActiveCfg = Debug|Any CPU
		{91207DDC-3870-4389-ADAF-DC46704DF4F1}.Debug|Any CPU.Build.0 = Debug|Any CPU
		{91207DDC-3870-4389-ADAF-DC46704DF4F1}.Release|Any CPU.ActiveCfg = Release|Any CPU
		{91207DDC-3870-4389-ADAF-DC46704DF4F1}.Release|Any CPU.Build.0 = Release|Any CPU
	EndGlobalSection
	GlobalSection(SolutionProperties) = preSolution
		HideSolutionNode = FALSE
	EndGlobalSection
	GlobalSection(ExtensibilityGlobals) = postSolution
		SolutionGuid = {2BEB9989-2F9B-4926-918E-DC4EB8C12099}
	EndGlobalSection
EndGlobal
