
Microsoft Visual Studio Solution File, Format Version 12.00
# Visual Studio Version 16
VisualStudioVersion = 16.0.31605.320
MinimumVisualStudioVersion = 10.0.40219.1
Project("{FAE04EC0-301F-11D3-BF4B-00C04F79EFBC}") = "Sudoku", "Sudoku.csproj", "{776B4596-6BDB-4CEB-A8D2-85906FF291A1}"
EndProject
Global
	GlobalSection(SolutionConfigurationPlatforms) = preSolution
		Debug|Any CPU = Debug|Any CPU
		Release|Any CPU = Release|Any CPU
	EndGlobalSection
	GlobalSection(ProjectConfigurationPlatforms) = postSolution
		{776B4596-6BDB-4CEB-A8D2-85906FF291A1}.Debug|Any CPU.ActiveCfg = Debug|Any CPU
		{776B4596-6BDB-4CEB-A8D2-85906FF291A1}.Debug|Any CPU.Build.0 = Debug|Any CPU
		{776B4596-6BDB-4CEB-A8D2-85906FF291A1}.Release|Any CPU.ActiveCfg = Release|Any CPU
		{776B4596-6BDB-4CEB-A8D2-85906FF291A1}.Release|Any CPU.Build.0 = Release|Any CPU
	EndGlobalSection
	GlobalSection(SolutionProperties) = preSolution
		HideSolutionNode = FALSE
	EndGlobalSection
	GlobalSection(ExtensibilityGlobals) = postSolution
		SolutionGuid = {708480D6-C7CC-4FCA-AAE3-A869E980CB3A}
	EndGlobalSection
EndGlobal
