
Microsoft Visual Studio Solution File, Format Version 12.00
# Visual Studio 15
Project("{FAE04EC0-301F-11D3-BF4B-00C04F79EFBC}") = "codigoAG", "codigoAG.csproj", "{1ACCD5E3-B8F2-41A7-BA2E-49DF5EBF34FE}"
EndProject
Global
	GlobalSection(SolutionConfigurationPlatforms) = preSolution
		Debug|Any CPU = Debug|Any CPU
		Release|Any CPU = Release|Any CPU
	EndGlobalSection
	GlobalSection(ProjectConfigurationPlatforms) = postSolution
		{1ACCD5E3-B8F2-41A7-BA2E-49DF5EBF34FE}.Debug|Any CPU.ActiveCfg = Debug|Any CPU
		{1ACCD5E3-B8F2-41A7-BA2E-49DF5EBF34FE}.Debug|Any CPU.Build.0 = Debug|Any CPU
		{1ACCD5E3-B8F2-41A7-BA2E-49DF5EBF34FE}.Release|Any CPU.ActiveCfg = Release|Any CPU
		{1ACCD5E3-B8F2-41A7-BA2E-49DF5EBF34FE}.Release|Any CPU.Build.0 = Release|Any CPU
	EndGlobalSection
EndGlobal
