
Microsoft Visual Studio Solution File, Format Version 12.00
# Visual Studio 15
Project("{FAE04EC0-301F-11D3-BF4B-00C04F79EFBC}") = "RNA_perceptron", "RNA_perceptron\RNA_perceptron.csproj", "{79EDE43B-691C-40AC-BFE6-D0BBD0B532EF}"
EndProject
Global
	GlobalSection(SolutionConfigurationPlatforms) = preSolution
		Debug|Any CPU = Debug|Any CPU
		Release|Any CPU = Release|Any CPU
	EndGlobalSection
	GlobalSection(ProjectConfigurationPlatforms) = postSolution
		{79EDE43B-691C-40AC-BFE6-D0BBD0B532EF}.Debug|Any CPU.ActiveCfg = Debug|Any CPU
		{79EDE43B-691C-40AC-BFE6-D0BBD0B532EF}.Debug|Any CPU.Build.0 = Debug|Any CPU
		{79EDE43B-691C-40AC-BFE6-D0BBD0B532EF}.Release|Any CPU.ActiveCfg = Release|Any CPU
		{79EDE43B-691C-40AC-BFE6-D0BBD0B532EF}.Release|Any CPU.Build.0 = Release|Any CPU
	EndGlobalSection
EndGlobal
